
Microsoft Visual Studio Solution File, Format Version 12.00
# Visual Studio Version 17
VisualStudioVersion = 17.13.35931.197 d17.13
MinimumVisualStudioVersion = 10.0.40219.1
Project("{FAE04EC0-301F-11D3-BF4B-00C04F79EFBC}") = "MyFirstCSharp", "MyFirstCSharp\MyFirstCSharp.csproj", "{4D8080E3-2499-4B3C-903E-06C9674574A4}"
EndProject
Global
	GlobalSection(SolutionConfigurationPlatforms) = preSolution
		Debug|Any CPU = Debug|Any CPU
		Release|Any CPU = Release|Any CPU
	EndGlobalSection
	GlobalSection(ProjectConfigurationPlatforms) = postSolution
		{4D8080E3-2499-4B3C-903E-06C9674574A4}.Debug|Any CPU.ActiveCfg = Debug|Any CPU
		{4D8080E3-2499-4B3C-903E-06C9674574A4}.Debug|Any CPU.Build.0 = Debug|Any CPU
		{4D8080E3-2499-4B3C-903E-06C9674574A4}.Release|Any CPU.ActiveCfg = Release|Any CPU
		{4D8080E3-2499-4B3C-903E-06C9674574A4}.Release|Any CPU.Build.0 = Release|Any CPU
	EndGlobalSection
	GlobalSection(SolutionProperties) = preSolution
		HideSolutionNode = FALSE
	EndGlobalSection
	GlobalSection(ExtensibilityGlobals) = postSolution
		SolutionGuid = {2D78D1CD-59E1-4133-B756-E1929B927116}
	EndGlobalSection
EndGlobal
